// !$*UTF8*$!
{
	archiveVersion = 1;
	classes = {
	};
	objectVersion = 50;
	objects = {

/* Begin PBXBuildFile section */
		C6EA927F2058A4280014ABCF /* AppDelegate.swift in Sources */ = {isa = PBXBuildFile; fileRef = C6EA927E2058A4280014ABCF /* AppDelegate.swift */; };
		C6EA92812058A4280014ABCF /* ViewController.swift in Sources */ = {isa = PBXBuildFile; fileRef = C6EA92802058A4280014ABCF /* ViewController.swift */; };
		C6EA92862058A42C0014ABCF /* Assets.xcassets in Resources */ = {isa = PBXBuildFile; fileRef = C6EA92852058A42C0014ABCF /* Assets.xcassets */; };
		C6EA92942058A42D0014ABCF /* CMPhotosTests.swift in Sources */ = {isa = PBXBuildFile; fileRef = C6EA92932058A42D0014ABCF /* CMPhotosTests.swift */; };
		C6EA929F2058A42D0014ABCF /* CMPhotosUITests.swift in Sources */ = {isa = PBXBuildFile; fileRef = C6EA929E2058A42D0014ABCF /* CMPhotosUITests.swift */; };
		C6EA92B02058A6ED0014ABCF /* PhotoRequest.swift in Sources */ = {isa = PBXBuildFile; fileRef = C6EA92AC2058A6ED0014ABCF /* PhotoRequest.swift */; };
		C6EA92B12058A6ED0014ABCF /* Canada.swift in Sources */ = {isa = PBXBuildFile; fileRef = C6EA92AD2058A6ED0014ABCF /* Canada.swift */; };
		C6EA92B22058A6ED0014ABCF /* Photo.swift in Sources */ = {isa = PBXBuildFile; fileRef = C6EA92AE2058A6ED0014ABCF /* Photo.swift */; };
		C6EA92B32058A6ED0014ABCF /* PhotoTableViewCell.swift in Sources */ = {isa = PBXBuildFile; fileRef = C6EA92AF2058A6ED0014ABCF /* PhotoTableViewCell.swift */; };
		C6EA92B52058B36C0014ABCF /* PhotoCollectionViewCell.swift in Sources */ = {isa = PBXBuildFile; fileRef = C6EA92B42058B36C0014ABCF /* PhotoCollectionViewCell.swift */; };
		C6EA92B92058B7380014ABCF /* PhotoCollectionViewLayout.swift in Sources */ = {isa = PBXBuildFile; fileRef = C6EA92B82058B7380014ABCF /* PhotoCollectionViewLayout.swift */; };
/* End PBXBuildFile section */

/* Begin PBXContainerItemProxy section */
		C6EA92902058A42D0014ABCF /* PBXContainerItemProxy */ = {
			isa = PBXContainerItemProxy;
			containerPortal = C6EA92732058A4280014ABCF /* Project object */;
			proxyType = 1;
			remoteGlobalIDString = C6EA927A2058A4280014ABCF;
			remoteInfo = CMPhotos;
		};
		C6EA929B2058A42D0014ABCF /* PBXContainerItemProxy */ = {
			isa = PBXContainerItemProxy;
			containerPortal = C6EA92732058A4280014ABCF /* Project object */;
			proxyType = 1;
			remoteGlobalIDString = C6EA927A2058A4280014ABCF;
			remoteInfo = CMPhotos;
		};
/* End PBXContainerItemProxy section */

/* Begin PBXFileReference section */
		C6EA927B2058A4280014ABCF /* CMPhotos.app */ = {isa = PBXFileReference; explicitFileType = wrapper.application; includeInIndex = 0; path = CMPhotos.app; sourceTree = BUILT_PRODUCTS_DIR; };
		C6EA927E2058A4280014ABCF /* AppDelegate.swift */ = {isa = PBXFileReference; lastKnownFileType = sourcecode.swift; path = AppDelegate.swift; sourceTree = "<group>"; };
		C6EA92802058A4280014ABCF /* ViewController.swift */ = {isa = PBXFileReference; lastKnownFileType = sourcecode.swift; path = ViewController.swift; sourceTree = "<group>"; };
		C6EA92852058A42C0014ABCF /* Assets.xcassets */ = {isa = PBXFileReference; lastKnownFileType = folder.assetcatalog; path = Assets.xcassets; sourceTree = "<group>"; };
		C6EA928A2058A42C0014ABCF /* Info.plist */ = {isa = PBXFileReference; lastKnownFileType = text.plist.xml; path = Info.plist; sourceTree = "<group>"; };
		C6EA928F2058A42D0014ABCF /* CMPhotosTests.xctest */ = {isa = PBXFileReference; explicitFileType = wrapper.cfbundle; includeInIndex = 0; path = CMPhotosTests.xctest; sourceTree = BUILT_PRODUCTS_DIR; };
		C6EA92932058A42D0014ABCF /* CMPhotosTests.swift */ = {isa = PBXFileReference; lastKnownFileType = sourcecode.swift; path = CMPhotosTests.swift; sourceTree = "<group>"; };
		C6EA92952058A42D0014ABCF /* Info.plist */ = {isa = PBXFileReference; lastKnownFileType = text.plist.xml; path = Info.plist; sourceTree = "<group>"; };
		C6EA929A2058A42D0014ABCF /* CMPhotosUITests.xctest */ = {isa = PBXFileReference; explicitFileType = wrapper.cfbundle; includeInIndex = 0; path = CMPhotosUITests.xctest; sourceTree = BUILT_PRODUCTS_DIR; };
		C6EA929E2058A42D0014ABCF /* CMPhotosUITests.swift */ = {isa = PBXFileReference; lastKnownFileType = sourcecode.swift; path = CMPhotosUITests.swift; sourceTree = "<group>"; };
		C6EA92A02058A42D0014ABCF /* Info.plist */ = {isa = PBXFileReference; lastKnownFileType = text.plist.xml; path = Info.plist; sourceTree = "<group>"; };
		C6EA92AC2058A6ED0014ABCF /* PhotoRequest.swift */ = {isa = PBXFileReference; fileEncoding = 4; lastKnownFileType = sourcecode.swift; path = PhotoRequest.swift; sourceTree = "<group>"; };
		C6EA92AD2058A6ED0014ABCF /* Canada.swift */ = {isa = PBXFileReference; fileEncoding = 4; lastKnownFileType = sourcecode.swift; path = Canada.swift; sourceTree = "<group>"; };
		C6EA92AE2058A6ED0014ABCF /* Photo.swift */ = {isa = PBXFileReference; fileEncoding = 4; lastKnownFileType = sourcecode.swift; path = Photo.swift; sourceTree = "<group>"; };
		C6EA92AF2058A6ED0014ABCF /* PhotoTableViewCell.swift */ = {isa = PBXFileReference; fileEncoding = 4; lastKnownFileType = sourcecode.swift; path = PhotoTableViewCell.swift; sourceTree = "<group>"; };
		C6EA92B42058B36C0014ABCF /* PhotoCollectionViewCell.swift */ = {isa = PBXFileReference; lastKnownFileType = sourcecode.swift; path = PhotoCollectionViewCell.swift; sourceTree = "<group>"; };
		C6EA92B82058B7380014ABCF /* PhotoCollectionViewLayout.swift */ = {isa = PBXFileReference; lastKnownFileType = sourcecode.swift; path = PhotoCollectionViewLayout.swift; sourceTree = "<group>"; };
/* End PBXFileReference section */

/* Begin PBXFrameworksBuildPhase section */
		C6EA92782058A4280014ABCF /* Frameworks */ = {
			isa = PBXFrameworksBuildPhase;
			buildActionMask = 2147483647;
			files = (
			);
			runOnlyForDeploymentPostprocessing = 0;
		};
		C6EA928C2058A42D0014ABCF /* Frameworks */ = {
			isa = PBXFrameworksBuildPhase;
			buildActionMask = 2147483647;
			files = (
			);
			runOnlyForDeploymentPostprocessing = 0;
		};
		C6EA92972058A42D0014ABCF /* Frameworks */ = {
			isa = PBXFrameworksBuildPhase;
			buildActionMask = 2147483647;
			files = (
			);
			runOnlyForDeploymentPostprocessing = 0;
		};
/* End PBXFrameworksBuildPhase section */

/* Begin PBXGroup section */
		C6EA92722058A4280014ABCF = {
			isa = PBXGroup;
			children = (
				C6EA927D2058A4280014ABCF /* CMPhotos */,
				C6EA92922058A42D0014ABCF /* CMPhotosTests */,
				C6EA929D2058A42D0014ABCF /* CMPhotosUITests */,
				C6EA927C2058A4280014ABCF /* Products */,
			);
			sourceTree = "<group>";
		};
		C6EA927C2058A4280014ABCF /* Products */ = {
			isa = PBXGroup;
			children = (
				C6EA927B2058A4280014ABCF /* CMPhotos.app */,
				C6EA928F2058A42D0014ABCF /* CMPhotosTests.xctest */,
				C6EA929A2058A42D0014ABCF /* CMPhotosUITests.xctest */,
			);
			name = Products;
			sourceTree = "<group>";
		};
		C6EA927D2058A4280014ABCF /* CMPhotos */ = {
			isa = PBXGroup;
			children = (
				C6EA927E2058A4280014ABCF /* AppDelegate.swift */,
				C6EA92802058A4280014ABCF /* ViewController.swift */,
				C6EA92852058A42C0014ABCF /* Assets.xcassets */,
				C6EA928A2058A42C0014ABCF /* Info.plist */,
				C6EA92BA2058BE090014ABCF /* models */,
				C6EA92BB2058BE210014ABCF /* Views */,
				C6EA92B82058B7380014ABCF /* PhotoCollectionViewLayout.swift */,
			);
			path = CMPhotos;
			sourceTree = "<group>";
		};
		C6EA92922058A42D0014ABCF /* CMPhotosTests */ = {
			isa = PBXGroup;
			children = (
				C6EA92932058A42D0014ABCF /* CMPhotosTests.swift */,
				C6EA92952058A42D0014ABCF /* Info.plist */,
			);
			path = CMPhotosTests;
			sourceTree = "<group>";
		};
		C6EA929D2058A42D0014ABCF /* CMPhotosUITests */ = {
			isa = PBXGroup;
			children = (
				C6EA929E2058A42D0014ABCF /* CMPhotosUITests.swift */,
				C6EA92A02058A42D0014ABCF /* Info.plist */,
			);
			path = CMPhotosUITests;
			sourceTree = "<group>";
		};
		C6EA92BA2058BE090014ABCF /* models */ = {
			isa = PBXGroup;
			children = (
				C6EA92AD2058A6ED0014ABCF /* Canada.swift */,
				C6EA92AE2058A6ED0014ABCF /* Photo.swift */,
				C6EA92AC2058A6ED0014ABCF /* PhotoRequest.swift */,
			);
			name = models;
			sourceTree = "<group>";
		};
		C6EA92BB2058BE210014ABCF /* Views */ = {
			isa = PBXGroup;
			children = (
				C6EA92AF2058A6ED0014ABCF /* PhotoTableViewCell.swift */,
				C6EA92B42058B36C0014ABCF /* PhotoCollectionViewCell.swift */,
			);
			name = Views;
			sourceTree = "<group>";
		};
/* End PBXGroup section */

/* Begin PBXNativeTarget section */
		C6EA927A2058A4280014ABCF /* CMPhotos */ = {
			isa = PBXNativeTarget;
			buildConfigurationList = C6EA92A32058A42D0014ABCF /* Build configuration list for PBXNativeTarget "CMPhotos" */;
			buildPhases = (
				C6EA92772058A4280014ABCF /* Sources */,
				C6EA92782058A4280014ABCF /* Frameworks */,
				C6EA92792058A4280014ABCF /* Resources */,
			);
			buildRules = (
			);
			dependencies = (
			);
			name = CMPhotos;
			productName = CMPhotos;
			productReference = C6EA927B2058A4280014ABCF /* CMPhotos.app */;
			productType = "com.apple.product-type.application";
		};
		C6EA928E2058A42D0014ABCF /* CMPhotosTests */ = {
			isa = PBXNativeTarget;
			buildConfigurationList = C6EA92A62058A42D0014ABCF /* Build configuration list for PBXNativeTarget "CMPhotosTests" */;
			buildPhases = (
				C6EA928B2058A42D0014ABCF /* Sources */,
				C6EA928C2058A42D0014ABCF /* Frameworks */,
				C6EA928D2058A42D0014ABCF /* Resources */,
			);
			buildRules = (
			);
			dependencies = (
				C6EA92912058A42D0014ABCF /* PBXTargetDependency */,
			);
			name = CMPhotosTests;
			productName = CMPhotosTests;
			productReference = C6EA928F2058A42D0014ABCF /* CMPhotosTests.xctest */;
			productType = "com.apple.product-type.bundle.unit-test";
		};
		C6EA92992058A42D0014ABCF /* CMPhotosUITests */ = {
			isa = PBXNativeTarget;
			buildConfigurationList = C6EA92A92058A42D0014ABCF /* Build configuration list for PBXNativeTarget "CMPhotosUITests" */;
			buildPhases = (
				C6EA92962058A42D0014ABCF /* Sources */,
				C6EA92972058A42D0014ABCF /* Frameworks */,
				C6EA92982058A42D0014ABCF /* Resources */,
			);
			buildRules = (
			);
			dependencies = (
				C6EA929C2058A42D0014ABCF /* PBXTargetDependency */,
			);
			name = CMPhotosUITests;
			productName = CMPhotosUITests;
			productReference = C6EA929A2058A42D0014ABCF /* CMPhotosUITests.xctest */;
			productType = "com.apple.product-type.bundle.ui-testing";
		};
/* End PBXNativeTarget section */

/* Begin PBXProject section */
		C6EA92732058A4280014ABCF /* Project object */ = {
			isa = PBXProject;
			attributes = {
				LastSwiftUpdateCheck = 0930;
				LastUpgradeCheck = 0930;
				ORGANIZATIONNAME = SageGu;
				TargetAttributes = {
					C6EA927A2058A4280014ABCF = {
						CreatedOnToolsVersion = 9.3;
					};
					C6EA928E2058A42D0014ABCF = {
						CreatedOnToolsVersion = 9.3;
						TestTargetID = C6EA927A2058A4280014ABCF;
					};
					C6EA92992058A42D0014ABCF = {
						CreatedOnToolsVersion = 9.3;
						TestTargetID = C6EA927A2058A4280014ABCF;
					};
				};
			};
			buildConfigurationList = C6EA92762058A4280014ABCF /* Build configuration list for PBXProject "CMPhotos" */;
			compatibilityVersion = "Xcode 9.3";
			developmentRegion = en;
			hasScannedForEncodings = 0;
			knownRegions = (
				en,
				Base,
			);
			mainGroup = C6EA92722058A4280014ABCF;
			productRefGroup = C6EA927C2058A4280014ABCF /* Products */;
			projectDirPath = "";
			projectRoot = "";
			targets = (
				C6EA927A2058A4280014ABCF /* CMPhotos */,
				C6EA928E2058A42D0014ABCF /* CMPhotosTests */,
				C6EA92992058A42D0014ABCF /* CMPhotosUITests */,
			);
		};
/* End PBXProject section */

/* Begin PBXResourcesBuildPhase section */
		C6EA92792058A4280014ABCF /* Resources */ = {
			isa = PBXResourcesBuildPhase;
			buildActionMask = 2147483647;
			files = (
				C6EA92862058A42C0014ABCF /* Assets.xcassets in Resources */,
			);
			runOnlyForDeploymentPostprocessing = 0;
		};
		C6EA928D2058A42D0014ABCF /* Resources */ = {
			isa = PBXResourcesBuildPhase;
			buildActionMask = 2147483647;
			files = (
			);
			runOnlyForDeploymentPostprocessing = 0;
		};
		C6EA92982058A42D0014ABCF /* Resources */ = {
			isa = PBXResourcesBuildPhase;
			buildActionMask = 2147483647;
			files = (
			);
			runOnlyForDeploymentPostprocessing = 0;
		};
/* End PBXResourcesBuildPhase section */

/* Begin PBXSourcesBuildPhase section */
		C6EA92772058A4280014ABCF /* Sources */ = {
			isa = PBXSourcesBuildPhase;
			buildActionMask = 2147483647;
			files = (
				C6EA92B92058B7380014ABCF /* PhotoCollectionViewLayout.swift in Sources */,
				C6EA92812058A4280014ABCF /* ViewController.swift in Sources */,
				C6EA92B02058A6ED0014ABCF /* PhotoRequest.swift in Sources */,
				C6EA92B32058A6ED0014ABCF /* PhotoTableViewCell.swift in Sources */,
				C6EA927F2058A4280014ABCF /* AppDelegate.swift in Sources */,
				C6EA92B52058B36C0014ABCF /* PhotoCollectionViewCell.swift in Sources */,
				C6EA92B12058A6ED0014ABCF /* Canada.swift in Sources */,
				C6EA92B22058A6ED0014ABCF /* Photo.swift in Sources */,
			);
			runOnlyForDeploymentPostprocessing = 0;
		};
		C6EA928B2058A42D0014ABCF /* Sources */ = {
			isa = PBXSourcesBuildPhase;
			buildActionMask = 2147483647;
			files = (
				C6EA92942058A42D0014ABCF /* CMPhotosTests.swift in Sources */,
			);
			runOnlyForDeploymentPostprocessing = 0;
		};
		C6EA92962058A42D0014ABCF /* Sources */ = {
			isa = PBXSourcesBuildPhase;
			buildActionMask = 2147483647;
			files = (
				C6EA929F2058A42D0014ABCF /* CMPhotosUITests.swift in Sources */,
			);
			runOnlyForDeploymentPostprocessing = 0;
		};
/* End PBXSourcesBuildPhase section */

/* Begin PBXTargetDependency section */
		C6EA92912058A42D0014ABCF /* PBXTargetDependency */ = {
			isa = PBXTargetDependency;
			target = C6EA927A2058A4280014ABCF /* CMPhotos */;
			targetProxy = C6EA92902058A42D0014ABCF /* PBXContainerItemProxy */;
		};
		C6EA929C2058A42D0014ABCF /* PBXTargetDependency */ = {
			isa = PBXTargetDependency;
			target = C6EA927A2058A4280014ABCF /* CMPhotos */;
			targetProxy = C6EA929B2058A42D0014ABCF /* PBXContainerItemProxy */;
		};
/* End PBXTargetDependency section */

/* Begin XCBuildConfiguration section */
		C6EA92A12058A42D0014ABCF /* Debug */ = {
			isa = XCBuildConfiguration;
			buildSettings = {
				ALWAYS_SEARCH_USER_PATHS = NO;
				CLANG_ANALYZER_NONNULL = YES;
				CLANG_ANALYZER_NUMBER_OBJECT_CONVERSION = YES_AGGRESSIVE;
				CLANG_CXX_LANGUAGE_STANDARD = "gnu++14";
				CLANG_CXX_LIBRARY = "libc++";
				CLANG_ENABLE_MODULES = YES;
				CLANG_ENABLE_OBJC_ARC = YES;
				CLANG_ENABLE_OBJC_WEAK = YES;
				CLANG_WARN_BLOCK_CAPTURE_AUTORELEASING = YES;
				CLANG_WARN_BOOL_CONVERSION = YES;
				CLANG_WARN_COMMA = YES;
				CLANG_WARN_CONSTANT_CONVERSION = YES;
				CLANG_WARN_DEPRECATED_OBJC_IMPLEMENTATIONS = YES;
				CLANG_WARN_DIRECT_OBJC_ISA_USAGE = YES_ERROR;
				CLANG_WARN_DOCUMENTATION_COMMENTS = YES;
				CLANG_WARN_EMPTY_BODY = YES;
				CLANG_WARN_ENUM_CONVERSION = YES;
				CLANG_WARN_INFINITE_RECURSION = YES;
				CLANG_WARN_INT_CONVERSION = YES;
				CLANG_WARN_NON_LITERAL_NULL_CONVERSION = YES;
				CLANG_WARN_OBJC_IMPLICIT_RETAIN_SELF = YES;
				CLANG_WARN_OBJC_LITERAL_CONVERSION = YES;
				CLANG_WARN_OBJC_ROOT_CLASS = YES_ERROR;
				CLANG_WARN_RANGE_LOOP_ANALYSIS = YES;
				CLANG_WARN_STRICT_PROTOTYPES = YES;
				CLANG_WARN_SUSPICIOUS_MOVE = YES;
				CLANG_WARN_UNGUARDED_AVAILABILITY = YES_AGGRESSIVE;
				CLANG_WARN_UNREACHABLE_CODE = YES;
				CLANG_WARN__DUPLICATE_METHOD_MATCH = YES;
				CODE_SIGN_IDENTITY = "iPhone Developer";
				COPY_PHASE_STRIP = NO;
				DEBUG_INFORMATION_FORMAT = dwarf;
				ENABLE_STRICT_OBJC_MSGSEND = YES;
				ENABLE_TESTABILITY = YES;
				GCC_C_LANGUAGE_STANDARD = gnu11;
				GCC_DYNAMIC_NO_PIC = NO;
				GCC_NO_COMMON_BLOCKS = YES;
				GCC_OPTIMIZATION_LEVEL = 0;
				GCC_PREPROCESSOR_DEFINITIONS = (
					"DEBUG=1",
					"$(inherited)",
				);
				GCC_WARN_64_TO_32_BIT_CONVERSION = YES;
				GCC_WARN_ABOUT_RETURN_TYPE = YES_ERROR;
				GCC_WARN_UNDECLARED_SELECTOR = YES;
				GCC_WARN_UNINITIALIZED_AUTOS = YES_AGGRESSIVE;
				GCC_WARN_UNUSED_FUNCTION = YES;
				GCC_WARN_UNUSED_VARIABLE = YES;
				IPHONEOS_DEPLOYMENT_TARGET = 11.3;
				MTL_ENABLE_DEBUG_INFO = YES;
				ONLY_ACTIVE_ARCH = YES;
				SDKROOT = iphoneos;
				SWIFT_ACTIVE_COMPILATION_CONDITIONS = DEBUG;
				SWIFT_OPTIMIZATION_LEVEL = "-Onone";
			};
			name = Debug;
		};
		C6EA92A22058A42D0014ABCF /* Release */ = {
			isa = XCBuildConfiguration;
			buildSettings = {
				ALWAYS_SEARCH_USER_PATHS = NO;
				CLANG_ANALYZER_NONNULL = YES;
				CLANG_ANALYZER_NUMBER_OBJECT_CONVERSION = YES_AGGRESSIVE;
				CLANG_CXX_LANGUAGE_STANDARD = "gnu++14";
				CLANG_CXX_LIBRARY = "libc++";
				CLANG_ENABLE_MODULES = YES;
				CLANG_ENABLE_OBJC_ARC = YES;
				CLANG_ENABLE_OBJC_WEAK = YES;
				CLANG_WARN_BLOCK_CAPTURE_AUTORELEASING = YES;
				CLANG_WARN_BOOL_CONVERSION = YES;
				CLANG_WARN_COMMA = YES;
				CLANG_WARN_CONSTANT_CONVERSION = YES;
				CLANG_WARN_DEPRECATED_OBJC_IMPLEMENTATIONS = YES;
				CLANG_WARN_DIRECT_OBJC_ISA_USAGE = YES_ERROR;
				CLANG_WARN_DOCUMENTATION_COMMENTS = YES;
				CLANG_WARN_EMPTY_BODY = YES;
				CLANG_WARN_ENUM_CONVERSION = YES;
				CLANG_WARN_INFINITE_RECURSION = YES;
				CLANG_WARN_INT_CONVERSION = YES;
				CLANG_WARN_NON_LITERAL_NULL_CONVERSION = YES;
				CLANG_WARN_OBJC_IMPLICIT_RETAIN_SELF = YES;
				CLANG_WARN_OBJC_LITERAL_CONVERSION = YES;
				CLANG_WARN_OBJC_ROOT_CLASS = YES_ERROR;
				CLANG_WARN_RANGE_LOOP_ANALYSIS = YES;
				CLANG_WARN_STRICT_PROTOTYPES = YES;
				CLANG_WARN_SUSPICIOUS_MOVE = YES;
				CLANG_WARN_UNGUARDED_AVAILABILITY = YES_AGGRESSIVE;
				CLANG_WARN_UNREACHABLE_CODE = YES;
				CLANG_WARN__DUPLICATE_METHOD_MATCH = YES;
				CODE_SIGN_IDENTITY = "iPhone Developer";
				COPY_PHASE_STRIP = NO;
				DEBUG_INFORMATION_FORMAT = "dwarf-with-dsym";
				ENABLE_NS_ASSERTIONS = NO;
				ENABLE_STRICT_OBJC_MSGSEND = YES;
				GCC_C_LANGUAGE_STANDARD = gnu11;
				GCC_NO_COMMON_BLOCKS = YES;
				GCC_WARN_64_TO_32_BIT_CONVERSION = YES;
				GCC_WARN_ABOUT_RETURN_TYPE = YES_ERROR;
				GCC_WARN_UNDECLARED_SELECTOR = YES;
				GCC_WARN_UNINITIALIZED_AUTOS = YES_AGGRESSIVE;
				GCC_WARN_UNUSED_FUNCTION = YES;
				GCC_WARN_UNUSED_VARIABLE = YES;
				IPHONEOS_DEPLOYMENT_TARGET = 11.3;
				MTL_ENABLE_DEBUG_INFO = NO;
				SDKROOT = iphoneos;
				SWIFT_OPTIMIZATION_LEVEL = "-Owholemodule";
				VALIDATE_PRODUCT = YES;
			};
			name = Release;
		};
		C6EA92A42058A42D0014ABCF /* Debug */ = {
			isa = XCBuildConfiguration;
			buildSettings = {
				ASSETCATALOG_COMPILER_APPICON_NAME = AppIcon;
				CODE_SIGN_STYLE = Automatic;
				INFOPLIST_FILE = CMPhotos/Info.plist;
				LD_RUNPATH_SEARCH_PATHS = (
					"$(inherited)",
					"@executable_path/Frameworks",
				);
				PRODUCT_BUNDLE_IDENTIFIER = com.test.www.CMPhotos;
				PRODUCT_NAME = "$(TARGET_NAME)";
				SWIFT_VERSION = 4.0;
				TARGETED_DEVICE_FAMILY = "1,2";
			};
			name = Debug;
		};
		C6EA92A52058A42D0014ABCF /* Release */ = {
			isa = XCBuildConfiguration;
			buildSettings = {
				ASSETCATALOG_COMPILER_APPICON_NAME = AppIcon;
				CODE_SIGN_STYLE = Automatic;
				INFOPLIST_FILE = CMPhotos/Info.plist;
				LD_RUNPATH_SEARCH_PATHS = (
					"$(inherited)",
					"@executable_path/Frameworks",
				);
				PRODUCT_BUNDLE_IDENTIFIER = com.test.www.CMPhotos;
				PRODUCT_NAME = "$(TARGET_NAME)";
				SWIFT_VERSION = 4.0;
				TARGETED_DEVICE_FAMILY = "1,2";
			};
			name = Release;
		};
		C6EA92A72058A42D0014ABCF /* Debug */ = {
			isa = XCBuildConfiguration;
			buildSettings = {
				ALWAYS_EMBED_SWIFT_STANDARD_LIBRARIES = YES;
				BUNDLE_LOADER = "$(TEST_HOST)";
				CODE_SIGN_STYLE = Automatic;
				INFOPLIST_FILE = CMPhotosTests/Info.plist;
				LD_RUNPATH_SEARCH_PATHS = (
					"$(inherited)",
					"@executable_path/Frameworks",
					"@loader_path/Frameworks",
				);
				PRODUCT_BUNDLE_IDENTIFIER = com.test.www.CMPhotosTests;
				PRODUCT_NAME = "$(TARGET_NAME)";
				SWIFT_VERSION = 4.0;
				TARGETED_DEVICE_FAMILY = "1,2";
				TEST_HOST = "$(BUILT_PRODUCTS_DIR)/CMPhotos.app/CMPhotos";
			};
			name = Debug;
		};
		C6EA92A82058A42D0014ABCF /* Release */ = {
			isa = XCBuildConfiguration;
			buildSettings = {
				ALWAYS_EMBED_SWIFT_STANDARD_LIBRARIES = YES;
				BUNDLE_LOADER = "$(TEST_HOST)";
				CODE_SIGN_STYLE = Automatic;
				INFOPLIST_FILE = CMPhotosTests/Info.plist;
				LD_RUNPATH_SEARCH_PATHS = (
					"$(inherited)",
					"@executable_path/Frameworks",
					"@loader_path/Frameworks",
				);
				PRODUCT_BUNDLE_IDENTIFIER = com.test.www.CMPhotosTests;
				PRODUCT_NAME = "$(TARGET_NAME)";
				SWIFT_VERSION = 4.0;
				TARGETED_DEVICE_FAMILY = "1,2";
				TEST_HOST = "$(BUILT_PRODUCTS_DIR)/CMPhotos.app/CMPhotos";
			};
			name = Release;
		};
		C6EA92AA2058A42D0014ABCF /* Debug */ = {
			isa = XCBuildConfiguration;
			buildSettings = {
				ALWAYS_EMBED_SWIFT_STANDARD_LIBRARIES = YES;
				CODE_SIGN_STYLE = Automatic;
				INFOPLIST_FILE = CMPhotosUITests/Info.plist;
				LD_RUNPATH_SEARCH_PATHS = (
					"$(inherited)",
					"@executable_path/Frameworks",
					"@loader_path/Frameworks",
				);
				PRODUCT_BUNDLE_IDENTIFIER = com.test.www.CMPhotosUITests;
				PRODUCT_NAME = "$(TARGET_NAME)";
				SWIFT_VERSION = 4.0;
				TARGETED_DEVICE_FAMILY = "1,2";
				TEST_TARGET_NAME = CMPhotos;
			};
			name = Debug;
		};
		C6EA92AB2058A42D0014ABCF /* Release */ = {
			isa = XCBuildConfiguration;
			buildSettings = {
				ALWAYS_EMBED_SWIFT_STANDARD_LIBRARIES = YES;
				CODE_SIGN_STYLE = Automatic;
				INFOPLIST_FILE = CMPhotosUITests/Info.plist;
				LD_RUNPATH_SEARCH_PATHS = (
					"$(inherited)",
					"@executable_path/Frameworks",
					"@loader_path/Frameworks",
				);
				PRODUCT_BUNDLE_IDENTIFIER = com.test.www.CMPhotosUITests;
				PRODUCT_NAME = "$(TARGET_NAME)";
				SWIFT_VERSION = 4.0;
				TARGETED_DEVICE_FAMILY = "1,2";
				TEST_TARGET_NAME = CMPhotos;
			};
			name = Release;
		};
/* End XCBuildConfiguration section */

/* Begin XCConfigurationList section */
		C6EA92762058A4280014ABCF /* Build configuration list for PBXProject "CMPhotos" */ = {
			isa = XCConfigurationList;
			buildConfigurations = (
				C6EA92A12058A42D0014ABCF /* Debug */,
				C6EA92A22058A42D0014ABCF /* Release */,
			);
			defaultConfigurationIsVisible = 0;
			defaultConfigurationName = Release;
		};
		C6EA92A32058A42D0014ABCF /* Build configuration list for PBXNativeTarget "CMPhotos" */ = {
			isa = XCConfigurationList;
			buildConfigurations = (
				C6EA92A42058A42D0014ABCF /* Debug */,
				C6EA92A52058A42D0014ABCF /* Release */,
			);
			defaultConfigurationIsVisible = 0;
			defaultConfigurationName = Release;
		};
		C6EA92A62058A42D0014ABCF /* Build configuration list for PBXNativeTarget "CMPhotosTests" */ = {
			isa = XCConfigurationList;
			buildConfigurations = (
				C6EA92A72058A42D0014ABCF /* Debug */,
				C6EA92A82058A42D0014ABCF /* Release */,
			);
			defaultConfigurationIsVisible = 0;
			defaultConfigurationName = Release;
		};
		C6EA92A92058A42D0014ABCF /* Build configuration list for PBXNativeTarget "CMPhotosUITests" */ = {
			isa = XCConfigurationList;
			buildConfigurations = (
				C6EA92AA2058A42D0014ABCF /* Debug */,
				C6EA92AB2058A42D0014ABCF /* Release */,
			);
			defaultConfigurationIsVisible = 0;
			defaultConfigurationName = Release;
		};
/* End XCConfigurationList section */
	};
	rootObject = C6EA92732058A4280014ABCF /* Project object */;
}
